
Microsoft Visual Studio Solution File, Format Version 12.00
# Visual Studio Version 17
VisualStudioVersion = 17.3.32929.385
MinimumVisualStudioVersion = 10.0.40219.1
Project("{FAE04EC0-301F-11D3-BF4B-00C04F79EFBC}") = "Deliverable1_1", "Deliverable1_1\Deliverable1_1.csproj", "{96A92560-1283-46CD-8F87-887873A3D201}"
EndProject
Global
	GlobalSection(SolutionConfigurationPlatforms) = preSolution
		Debug|Any CPU = Debug|Any CPU
		Release|Any CPU = Release|Any CPU
	EndGlobalSection
	GlobalSection(ProjectConfigurationPlatforms) = postSolution
		{96A92560-1283-46CD-8F87-887873A3D201}.Debug|Any CPU.ActiveCfg = Debug|Any CPU
		{96A92560-1283-46CD-8F87-887873A3D201}.Debug|Any CPU.Build.0 = Debug|Any CPU
		{96A92560-1283-46CD-8F87-887873A3D201}.Release|Any CPU.ActiveCfg = Release|Any CPU
		{96A92560-1283-46CD-8F87-887873A3D201}.Release|Any CPU.Build.0 = Release|Any CPU
	EndGlobalSection
	GlobalSection(SolutionProperties) = preSolution
		HideSolutionNode = FALSE
	EndGlobalSection
	GlobalSection(ExtensibilityGlobals) = postSolution
		SolutionGuid = {D010655D-A052-4B78-94AA-FBBA02F53D79}
	EndGlobalSection
EndGlobal
